
Microsoft Visual Studio Solution File, Format Version 12.00
# Visual Studio 15
VisualStudioVersion = 15.0.27428.2002
MinimumVisualStudioVersion = 10.0.40219.1
Project("{FAE04EC0-301F-11D3-BF4B-00C04F79EFBC}") = "OOPanimal", "OOPanimal\OOPanimal.csproj", "{4A0D10AD-0090-4E3D-8E1F-10E21CA2A870}"
EndProject
Global
	GlobalSection(SolutionConfigurationPlatforms) = preSolution
		Debug|Any CPU = Debug|Any CPU
		Release|Any CPU = Release|Any CPU
	EndGlobalSection
	GlobalSection(ProjectConfigurationPlatforms) = postSolution
		{4A0D10AD-0090-4E3D-8E1F-10E21CA2A870}.Debug|Any CPU.ActiveCfg = Debug|Any CPU
		{4A0D10AD-0090-4E3D-8E1F-10E21CA2A870}.Debug|Any CPU.Build.0 = Debug|Any CPU
		{4A0D10AD-0090-4E3D-8E1F-10E21CA2A870}.Release|Any CPU.ActiveCfg = Release|Any CPU
		{4A0D10AD-0090-4E3D-8E1F-10E21CA2A870}.Release|Any CPU.Build.0 = Release|Any CPU
	EndGlobalSection
	GlobalSection(SolutionProperties) = preSolution
		HideSolutionNode = FALSE
	EndGlobalSection
	GlobalSection(ExtensibilityGlobals) = postSolution
		SolutionGuid = {D4293A79-7423-443F-9FCD-88C79B12A926}
	EndGlobalSection
EndGlobal
