
Microsoft Visual Studio Solution File, Format Version 12.00
# Visual Studio 15
VisualStudioVersion = 15.0.27428.2002
MinimumVisualStudioVersion = 10.0.40219.1
Project("{FAE04EC0-301F-11D3-BF4B-00C04F79EFBC}") = "Array", "Array\Array.csproj", "{4471D04F-C381-41B8-8434-6C63D2B82FCD}"
EndProject
Global
	GlobalSection(SolutionConfigurationPlatforms) = preSolution
		Debug|Any CPU = Debug|Any CPU
		Release|Any CPU = Release|Any CPU
	EndGlobalSection
	GlobalSection(ProjectConfigurationPlatforms) = postSolution
		{4471D04F-C381-41B8-8434-6C63D2B82FCD}.Debug|Any CPU.ActiveCfg = Debug|Any CPU
		{4471D04F-C381-41B8-8434-6C63D2B82FCD}.Debug|Any CPU.Build.0 = Debug|Any CPU
		{4471D04F-C381-41B8-8434-6C63D2B82FCD}.Release|Any CPU.ActiveCfg = Release|Any CPU
		{4471D04F-C381-41B8-8434-6C63D2B82FCD}.Release|Any CPU.Build.0 = Release|Any CPU
	EndGlobalSection
	GlobalSection(SolutionProperties) = preSolution
		HideSolutionNode = FALSE
	EndGlobalSection
	GlobalSection(ExtensibilityGlobals) = postSolution
		SolutionGuid = {F6A4649C-43B6-4437-9133-F529F0B815E4}
	EndGlobalSection
EndGlobal
