
Microsoft Visual Studio Solution File, Format Version 12.00
# Visual Studio 15
VisualStudioVersion = 15.0.27428.2002
MinimumVisualStudioVersion = 10.0.40219.1
Project("{FAE04EC0-301F-11D3-BF4B-00C04F79EFBC}") = "Method", "Method\Method.csproj", "{9EEDF0D2-693E-4903-829E-7DE6E5EEC95D}"
EndProject
Global
	GlobalSection(SolutionConfigurationPlatforms) = preSolution
		Debug|Any CPU = Debug|Any CPU
		Release|Any CPU = Release|Any CPU
	EndGlobalSection
	GlobalSection(ProjectConfigurationPlatforms) = postSolution
		{9EEDF0D2-693E-4903-829E-7DE6E5EEC95D}.Debug|Any CPU.ActiveCfg = Debug|Any CPU
		{9EEDF0D2-693E-4903-829E-7DE6E5EEC95D}.Debug|Any CPU.Build.0 = Debug|Any CPU
		{9EEDF0D2-693E-4903-829E-7DE6E5EEC95D}.Release|Any CPU.ActiveCfg = Release|Any CPU
		{9EEDF0D2-693E-4903-829E-7DE6E5EEC95D}.Release|Any CPU.Build.0 = Release|Any CPU
	EndGlobalSection
	GlobalSection(SolutionProperties) = preSolution
		HideSolutionNode = FALSE
	EndGlobalSection
	GlobalSection(ExtensibilityGlobals) = postSolution
		SolutionGuid = {B0045D81-A1C5-4E60-B605-4A109E43822E}
	EndGlobalSection
EndGlobal
